{
  "name": "UnityRuntimeModFramework",
  "lockfileVersion": 3,
  "requires": true,
  "packages": {
    "": {
      "dependencies": {
        "pascalcase": "^2.0.0"
      }
    },
    "node_modules/camelcase": {
      "version": "6.3.0",
      "resolved": "https://registry.npmjs.org/camelcase/-/camelcase-6.3.0.tgz",
      "integrity": "sha512-Gmy6FhYlCY7uOElZUSbxo2UCDH8owEk996gkbrpsgGtrJLM3J7jGxl9Ic7Qwwj4ivOE5AWZWRMecDdF7hqGjFA==",
      "engines": {
        "node": ">=10"
      },
      "funding": {
        "url": "https://github.com/sponsors/sindresorhus"
      }
    },
    "node_modules/pascalcase": {
      "version": "2.0.0",
      "resolved": "https://registry.npmjs.org/pascalcase/-/pascalcase-2.0.0.tgz",
      "integrity": "sha512-DHpENy5Qm/FaX+x3iBLoMLG/XHNCTgL+yErm1TwuVaj6u4fiOSkYkf60vGtITk7hrKHOO4uCl9vRrD4hqjNKjg==",
      "dependencies": {
        "camelcase": "^6.2.1"
      },
      "engines": {
        "node": ">=14"
      }
    }
  }
}
